// !$*UTF8*$!
{
	archiveVersion = 1;
	classes = {
	};
	objectVersion = 77;
	objects = {

/* Begin PBXBuildFile section */
		6B0F574A2D3D8A6300D4A10F /* TechStackDoc_v1.1.md in Resources */ = {isa = PBXBuildFile; fileRef = 6B0F57482D3D8A6300D4A10F /* TechStackDoc_v1.1.md */; };
		6B0F574B2D3D8A6300D4A10F /* ApplePolicies&Practices.md in Resources */ = {isa = PBXBuildFile; fileRef = 6B0F57422D3D8A6300D4A10F /* ApplePolicies&Practices.md */; };
		6B0F574C2D3D8A6300D4A10F /* BackendStructureDoc_v1.1.md in Resources */ = {isa = PBXBuildFile; fileRef = 6B0F57432D3D8A6300D4A10F /* BackendStructureDoc_v1.1.md */; };
		6B0F574D2D3D8A6300D4A10F /* AppFlowDoc_v1.1.md in Resources */ = {isa = PBXBuildFile; fileRef = 6B0F57412D3D8A6300D4A10F /* AppFlowDoc_v1.1.md */; };
		6B0F574E2D3D8A6300D4A10F /* FrontendGuidelines_v1.1.md in Resources */ = {isa = PBXBuildFile; fileRef = 6B0F57452D3D8A6300D4A10F /* FrontendGuidelines_v1.1.md */; };
		6B0F574F2D3D8A6300D4A10F /* PRD_v1.1.md in Resources */ = {isa = PBXBuildFile; fileRef = 6B0F57472D3D8A6300D4A10F /* PRD_v1.1.md */; };
		6B0F57502D3D8A6300D4A10F /* ImplementationGuide_v1.0.md in Resources */ = {isa = PBXBuildFile; fileRef = 6B0F57462D3D8A6300D4A10F /* ImplementationGuide_v1.0.md */; };
		6B0F57512D3D8A6300D4A10F /* DataIntegrityandBackupStrategy_v1.md in Resources */ = {isa = PBXBuildFile; fileRef = 6B0F57442D3D8A6300D4A10F /* DataIntegrityandBackupStrategy_v1.md */; };
/* End PBXBuildFile section */

/* Begin PBXContainerItemProxy section */
		6B2922062D3D858800C892F9 /* PBXContainerItemProxy */ = {
			isa = PBXContainerItemProxy;
			containerPortal = 6B2921E62D3D858600C892F9 /* Project object */;
			proxyType = 1;
			remoteGlobalIDString = 6B2921ED2D3D858600C892F9;
			remoteInfo = SmartFinanceTracker;
		};
		6B2922102D3D858800C892F9 /* PBXContainerItemProxy */ = {
			isa = PBXContainerItemProxy;
			containerPortal = 6B2921E62D3D858600C892F9 /* Project object */;
			proxyType = 1;
			remoteGlobalIDString = 6B2921ED2D3D858600C892F9;
			remoteInfo = SmartFinanceTracker;
		};
/* End PBXContainerItemProxy section */

/* Begin PBXFileReference section */
		6B0F57412D3D8A6300D4A10F /* AppFlowDoc_v1.1.md */ = {isa = PBXFileReference; lastKnownFileType = net.daringfireball.markdown; path = AppFlowDoc_v1.1.md; sourceTree = "<group>"; };
		6B0F57422D3D8A6300D4A10F /* ApplePolicies&Practices.md */ = {isa = PBXFileReference; lastKnownFileType = net.daringfireball.markdown; path = "ApplePolicies&Practices.md"; sourceTree = "<group>"; };
		6B0F57432D3D8A6300D4A10F /* BackendStructureDoc_v1.1.md */ = {isa = PBXFileReference; lastKnownFileType = net.daringfireball.markdown; path = BackendStructureDoc_v1.1.md; sourceTree = "<group>"; };
		6B0F57442D3D8A6300D4A10F /* DataIntegrityandBackupStrategy_v1.md */ = {isa = PBXFileReference; lastKnownFileType = net.daringfireball.markdown; path = DataIntegrityandBackupStrategy_v1.md; sourceTree = "<group>"; };
		6B0F57452D3D8A6300D4A10F /* FrontendGuidelines_v1.1.md */ = {isa = PBXFileReference; lastKnownFileType = net.daringfireball.markdown; path = FrontendGuidelines_v1.1.md; sourceTree = "<group>"; };
		6B0F57462D3D8A6300D4A10F /* ImplementationGuide_v1.0.md */ = {isa = PBXFileReference; lastKnownFileType = net.daringfireball.markdown; path = ImplementationGuide_v1.0.md; sourceTree = "<group>"; };
		6B0F57472D3D8A6300D4A10F /* PRD_v1.1.md */ = {isa = PBXFileReference; lastKnownFileType = net.daringfireball.markdown; path = PRD_v1.1.md; sourceTree = "<group>"; };
		6B0F57482D3D8A6300D4A10F /* TechStackDoc_v1.1.md */ = {isa = PBXFileReference; lastKnownFileType = net.daringfireball.markdown; path = TechStackDoc_v1.1.md; sourceTree = "<group>"; };
		6B2921EE2D3D858600C892F9 /* SmartFinanceTracker.app */ = {isa = PBXFileReference; explicitFileType = wrapper.application; includeInIndex = 0; path = SmartFinanceTracker.app; sourceTree = BUILT_PRODUCTS_DIR; };
		6B2922052D3D858800C892F9 /* SmartFinanceTrackerTests.xctest */ = {isa = PBXFileReference; explicitFileType = wrapper.cfbundle; includeInIndex = 0; path = SmartFinanceTrackerTests.xctest; sourceTree = BUILT_PRODUCTS_DIR; };
		6B29220F2D3D858800C892F9 /* SmartFinanceTrackerUITests.xctest */ = {isa = PBXFileReference; explicitFileType = wrapper.cfbundle; includeInIndex = 0; path = SmartFinanceTrackerUITests.xctest; sourceTree = BUILT_PRODUCTS_DIR; };
/* End PBXFileReference section */

/* Begin PBXFileSystemSynchronizedBuildFileExceptionSet section */
		6B2922172D3D858800C892F9 /* Exceptions for "SmartFinanceTracker" folder in "SmartFinanceTracker" target */ = {
			isa = PBXFileSystemSynchronizedBuildFileExceptionSet;
			membershipExceptions = (
				Info.plist,
			);
			target = 6B2921ED2D3D858600C892F9 /* SmartFinanceTracker */;
		};
/* End PBXFileSystemSynchronizedBuildFileExceptionSet section */

/* Begin PBXFileSystemSynchronizedRootGroup section */
		6B2921F02D3D858600C892F9 /* SmartFinanceTracker */ = {
			isa = PBXFileSystemSynchronizedRootGroup;
			exceptions = (
				6B2922172D3D858800C892F9 /* Exceptions for "SmartFinanceTracker" folder in "SmartFinanceTracker" target */,
			);
			path = SmartFinanceTracker;
			sourceTree = "<group>";
		};
		6B2922082D3D858800C892F9 /* SmartFinanceTrackerTests */ = {
			isa = PBXFileSystemSynchronizedRootGroup;
			path = SmartFinanceTrackerTests;
			sourceTree = "<group>";
		};
		6B2922122D3D858800C892F9 /* SmartFinanceTrackerUITests */ = {
			isa = PBXFileSystemSynchronizedRootGroup;
			path = SmartFinanceTrackerUITests;
			sourceTree = "<group>";
		};
/* End PBXFileSystemSynchronizedRootGroup section */

/* Begin PBXFrameworksBuildPhase section */
		6B2921EB2D3D858600C892F9 /* Frameworks */ = {
			isa = PBXFrameworksBuildPhase;
			buildActionMask = 2147483647;
			files = (
			);
			runOnlyForDeploymentPostprocessing = 0;
		};
		6B2922022D3D858800C892F9 /* Frameworks */ = {
			isa = PBXFrameworksBuildPhase;
			buildActionMask = 2147483647;
			files = (
			);
			runOnlyForDeploymentPostprocessing = 0;
		};
		6B29220C2D3D858800C892F9 /* Frameworks */ = {
			isa = PBXFrameworksBuildPhase;
			buildActionMask = 2147483647;
			files = (
			);
			runOnlyForDeploymentPostprocessing = 0;
		};
/* End PBXFrameworksBuildPhase section */

/* Begin PBXGroup section */
		6B0F57492D3D8A6300D4A10F /* Docs */ = {
			isa = PBXGroup;
			children = (
				6B0F57412D3D8A6300D4A10F /* AppFlowDoc_v1.1.md */,
				6B0F57422D3D8A6300D4A10F /* ApplePolicies&Practices.md */,
				6B0F57432D3D8A6300D4A10F /* BackendStructureDoc_v1.1.md */,
				6B0F57442D3D8A6300D4A10F /* DataIntegrityandBackupStrategy_v1.md */,
				6B0F57452D3D8A6300D4A10F /* FrontendGuidelines_v1.1.md */,
				6B0F57462D3D8A6300D4A10F /* ImplementationGuide_v1.0.md */,
				6B0F57472D3D8A6300D4A10F /* PRD_v1.1.md */,
				6B0F57482D3D8A6300D4A10F /* TechStackDoc_v1.1.md */,
			);
			path = Docs;
			sourceTree = "<group>";
		};
		6B2921E52D3D858500C892F9 = {
			isa = PBXGroup;
			children = (
				6B0F57492D3D8A6300D4A10F /* Docs */,
				6B2921F02D3D858600C892F9 /* SmartFinanceTracker */,
				6B2922082D3D858800C892F9 /* SmartFinanceTrackerTests */,
				6B2922122D3D858800C892F9 /* SmartFinanceTrackerUITests */,
				6B2921EF2D3D858600C892F9 /* Products */,
			);
			sourceTree = "<group>";
		};
		6B2921EF2D3D858600C892F9 /* Products */ = {
			isa = PBXGroup;
			children = (
				6B2921EE2D3D858600C892F9 /* SmartFinanceTracker.app */,
				6B2922052D3D858800C892F9 /* SmartFinanceTrackerTests.xctest */,
				6B29220F2D3D858800C892F9 /* SmartFinanceTrackerUITests.xctest */,
			);
			name = Products;
			sourceTree = "<group>";
		};
/* End PBXGroup section */

/* Begin PBXNativeTarget section */
		6B2921ED2D3D858600C892F9 /* SmartFinanceTracker */ = {
			isa = PBXNativeTarget;
			buildConfigurationList = 6B2922182D3D858800C892F9 /* Build configuration list for PBXNativeTarget "SmartFinanceTracker" */;
			buildPhases = (
				6B2921EA2D3D858600C892F9 /* Sources */,
				6B2921EB2D3D858600C892F9 /* Frameworks */,
				6B2921EC2D3D858600C892F9 /* Resources */,
			);
			buildRules = (
			);
			dependencies = (
			);
			fileSystemSynchronizedGroups = (
				6B2921F02D3D858600C892F9 /* SmartFinanceTracker */,
			);
			name = SmartFinanceTracker;
			packageProductDependencies = (
			);
			productName = SmartFinanceTracker;
			productReference = 6B2921EE2D3D858600C892F9 /* SmartFinanceTracker.app */;
			productType = "com.apple.product-type.application";
		};
		6B2922042D3D858800C892F9 /* SmartFinanceTrackerTests */ = {
			isa = PBXNativeTarget;
			buildConfigurationList = 6B29221D2D3D858800C892F9 /* Build configuration list for PBXNativeTarget "SmartFinanceTrackerTests" */;
			buildPhases = (
				6B2922012D3D858800C892F9 /* Sources */,
				6B2922022D3D858800C892F9 /* Frameworks */,
				6B2922032D3D858800C892F9 /* Resources */,
			);
			buildRules = (
			);
			dependencies = (
				6B2922072D3D858800C892F9 /* PBXTargetDependency */,
			);
			fileSystemSynchronizedGroups = (
				6B2922082D3D858800C892F9 /* SmartFinanceTrackerTests */,
			);
			name = SmartFinanceTrackerTests;
			packageProductDependencies = (
			);
			productName = SmartFinanceTrackerTests;
			productReference = 6B2922052D3D858800C892F9 /* SmartFinanceTrackerTests.xctest */;
			productType = "com.apple.product-type.bundle.unit-test";
		};
		6B29220E2D3D858800C892F9 /* SmartFinanceTrackerUITests */ = {
			isa = PBXNativeTarget;
			buildConfigurationList = 6B2922202D3D858800C892F9 /* Build configuration list for PBXNativeTarget "SmartFinanceTrackerUITests" */;
			buildPhases = (
				6B29220B2D3D858800C892F9 /* Sources */,
				6B29220C2D3D858800C892F9 /* Frameworks */,
				6B29220D2D3D858800C892F9 /* Resources */,
			);
			buildRules = (
			);
			dependencies = (
				6B2922112D3D858800C892F9 /* PBXTargetDependency */,
			);
			fileSystemSynchronizedGroups = (
				6B2922122D3D858800C892F9 /* SmartFinanceTrackerUITests */,
			);
			name = SmartFinanceTrackerUITests;
			packageProductDependencies = (
			);
			productName = SmartFinanceTrackerUITests;
			productReference = 6B29220F2D3D858800C892F9 /* SmartFinanceTrackerUITests.xctest */;
			productType = "com.apple.product-type.bundle.ui-testing";
		};
/* End PBXNativeTarget section */

/* Begin PBXProject section */
		6B2921E62D3D858600C892F9 /* Project object */ = {
			isa = PBXProject;
			attributes = {
				BuildIndependentTargetsInParallel = 1;
				LastSwiftUpdateCheck = 1620;
				LastUpgradeCheck = 1620;
				TargetAttributes = {
					6B2921ED2D3D858600C892F9 = {
						CreatedOnToolsVersion = 16.2;
					};
					6B2922042D3D858800C892F9 = {
						CreatedOnToolsVersion = 16.2;
						TestTargetID = 6B2921ED2D3D858600C892F9;
					};
					6B29220E2D3D858800C892F9 = {
						CreatedOnToolsVersion = 16.2;
						TestTargetID = 6B2921ED2D3D858600C892F9;
					};
				};
			};
			buildConfigurationList = 6B2921E92D3D858600C892F9 /* Build configuration list for PBXProject "SmartFinanceTracker" */;
			developmentRegion = en;
			hasScannedForEncodings = 0;
			knownRegions = (
				en,
				Base,
			);
			mainGroup = 6B2921E52D3D858500C892F9;
			minimizedProjectReferenceProxies = 1;
			preferredProjectObjectVersion = 77;
			productRefGroup = 6B2921EF2D3D858600C892F9 /* Products */;
			projectDirPath = "";
			projectRoot = "";
			targets = (
				6B2921ED2D3D858600C892F9 /* SmartFinanceTracker */,
				6B2922042D3D858800C892F9 /* SmartFinanceTrackerTests */,
				6B29220E2D3D858800C892F9 /* SmartFinanceTrackerUITests */,
			);
		};
/* End PBXProject section */

/* Begin PBXResourcesBuildPhase section */
		6B2921EC2D3D858600C892F9 /* Resources */ = {
			isa = PBXResourcesBuildPhase;
			buildActionMask = 2147483647;
			files = (
				6B0F574A2D3D8A6300D4A10F /* TechStackDoc_v1.1.md in Resources */,
				6B0F574B2D3D8A6300D4A10F /* ApplePolicies&Practices.md in Resources */,
				6B0F574C2D3D8A6300D4A10F /* BackendStructureDoc_v1.1.md in Resources */,
				6B0F574D2D3D8A6300D4A10F /* AppFlowDoc_v1.1.md in Resources */,
				6B0F574E2D3D8A6300D4A10F /* FrontendGuidelines_v1.1.md in Resources */,
				6B0F574F2D3D8A6300D4A10F /* PRD_v1.1.md in Resources */,
				6B0F57502D3D8A6300D4A10F /* ImplementationGuide_v1.0.md in Resources */,
				6B0F57512D3D8A6300D4A10F /* DataIntegrityandBackupStrategy_v1.md in Resources */,
			);
			runOnlyForDeploymentPostprocessing = 0;
		};
		6B2922032D3D858800C892F9 /* Resources */ = {
			isa = PBXResourcesBuildPhase;
			buildActionMask = 2147483647;
			files = (
			);
			runOnlyForDeploymentPostprocessing = 0;
		};
		6B29220D2D3D858800C892F9 /* Resources */ = {
			isa = PBXResourcesBuildPhase;
			buildActionMask = 2147483647;
			files = (
			);
			runOnlyForDeploymentPostprocessing = 0;
		};
/* End PBXResourcesBuildPhase section */

/* Begin PBXSourcesBuildPhase section */
		6B2921EA2D3D858600C892F9 /* Sources */ = {
			isa = PBXSourcesBuildPhase;
			buildActionMask = 2147483647;
			files = (
			);
			runOnlyForDeploymentPostprocessing = 0;
		};
		6B2922012D3D858800C892F9 /* Sources */ = {
			isa = PBXSourcesBuildPhase;
			buildActionMask = 2147483647;
			files = (
			);
			runOnlyForDeploymentPostprocessing = 0;
		};
		6B29220B2D3D858800C892F9 /* Sources */ = {
			isa = PBXSourcesBuildPhase;
			buildActionMask = 2147483647;
			files = (
			);
			runOnlyForDeploymentPostprocessing = 0;
		};
/* End PBXSourcesBuildPhase section */

/* Begin PBXTargetDependency section */
		6B2922072D3D858800C892F9 /* PBXTargetDependency */ = {
			isa = PBXTargetDependency;
			target = 6B2921ED2D3D858600C892F9 /* SmartFinanceTracker */;
			targetProxy = 6B2922062D3D858800C892F9 /* PBXContainerItemProxy */;
		};
		6B2922112D3D858800C892F9 /* PBXTargetDependency */ = {
			isa = PBXTargetDependency;
			target = 6B2921ED2D3D858600C892F9 /* SmartFinanceTracker */;
			targetProxy = 6B2922102D3D858800C892F9 /* PBXContainerItemProxy */;
		};
/* End PBXTargetDependency section */

/* Begin XCBuildConfiguration section */
		6B2922192D3D858800C892F9 /* Debug */ = {
			isa = XCBuildConfiguration;
			buildSettings = {
				ASSETCATALOG_COMPILER_APPICON_NAME = AppIcon;
				ASSETCATALOG_COMPILER_GLOBAL_ACCENT_COLOR_NAME = AccentColor;
				CODE_SIGN_ENTITLEMENTS = SmartFinanceTracker/SmartFinanceTracker.entitlements;
				CODE_SIGN_STYLE = Automatic;
				CURRENT_PROJECT_VERSION = 1;
				DEVELOPMENT_ASSET_PATHS = "\"SmartFinanceTracker/Preview Content\"";
				DEVELOPMENT_TEAM = J7VHMBU4XR;
				ENABLE_PREVIEWS = YES;
				GENERATE_INFOPLIST_FILE = YES;
				INFOPLIST_FILE = SmartFinanceTracker/Info.plist;
				INFOPLIST_KEY_UIApplicationSceneManifest_Generation = YES;
				INFOPLIST_KEY_UIApplicationSupportsIndirectInputEvents = YES;
				INFOPLIST_KEY_UILaunchScreen_Generation = YES;
				INFOPLIST_KEY_UISupportedInterfaceOrientations_iPad = "UIInterfaceOrientationPortrait UIInterfaceOrientationPortraitUpsideDown UIInterfaceOrientationLandscapeLeft UIInterfaceOrientationLandscapeRight";
				INFOPLIST_KEY_UISupportedInterfaceOrientations_iPhone = "UIInterfaceOrientationPortrait UIInterfaceOrientationLandscapeLeft UIInterfaceOrientationLandscapeRight";
				LD_RUNPATH_SEARCH_PATHS = (
					"$(inherited)",
					"@executable_path/Frameworks",
				);
				MARKETING_VERSION = 1.0;
				PRODUCT_BUNDLE_IDENTIFIER = "Smart-Finance-LLC.SmartFinanceTracker";
				PRODUCT_NAME = "$(TARGET_NAME)";
				SWIFT_EMIT_LOC_STRINGS = YES;
				SWIFT_VERSION = 5.0;
				TARGETED_DEVICE_FAMILY = "1,2";
			};
			name = Debug;
		};
		6B29221A2D3D858800C892F9 /* Release */ = {
			isa = XCBuildConfiguration;
			buildSettings = {
				ASSETCATALOG_COMPILER_APPICON_NAME = AppIcon;
				ASSETCATALOG_COMPILER_GLOBAL_ACCENT_COLOR_NAME = AccentColor;
				CODE_SIGN_ENTITLEMENTS = SmartFinanceTracker/SmartFinanceTracker.entitlements;
				CODE_SIGN_STYLE = Automatic;
				CURRENT_PROJECT_VERSION = 1;
				DEVELOPMENT_ASSET_PATHS = "\"SmartFinanceTracker/Preview Content\"";
				DEVELOPMENT_TEAM = J7VHMBU4XR;
				ENABLE_PREVIEWS = YES;
				GENERATE_INFOPLIST_FILE = YES;
				INFOPLIST_FILE = SmartFinanceTracker/Info.plist;
				INFOPLIST_KEY_UIApplicationSceneManifest_Generation = YES;
				INFOPLIST_KEY_UIApplicationSupportsIndirectInputEvents = YES;
				INFOPLIST_KEY_UILaunchScreen_Generation = YES;
				INFOPLIST_KEY_UISupportedInterfaceOrientations_iPad = "UIInterfaceOrientationPortrait UIInterfaceOrientationPortraitUpsideDown UIInterfaceOrientationLandscapeLeft UIInterfaceOrientationLandscapeRight";
				INFOPLIST_KEY_UISupportedInterfaceOrientations_iPhone = "UIInterfaceOrientationPortrait UIInterfaceOrientationLandscapeLeft UIInterfaceOrientationLandscapeRight";
				LD_RUNPATH_SEARCH_PATHS = (
					"$(inherited)",
					"@executable_path/Frameworks",
				);
				MARKETING_VERSION = 1.0;
				PRODUCT_BUNDLE_IDENTIFIER = "Smart-Finance-LLC.SmartFinanceTracker";
				PRODUCT_NAME = "$(TARGET_NAME)";
				SWIFT_EMIT_LOC_STRINGS = YES;
				SWIFT_VERSION = 5.0;
				TARGETED_DEVICE_FAMILY = "1,2";
			};
			name = Release;
		};
		6B29221B2D3D858800C892F9 /* Debug */ = {
			isa = XCBuildConfiguration;
			buildSettings = {
				ALWAYS_SEARCH_USER_PATHS = NO;
				ASSETCATALOG_COMPILER_GENERATE_SWIFT_ASSET_SYMBOL_EXTENSIONS = YES;
				CLANG_ANALYZER_NONNULL = YES;
				CLANG_ANALYZER_NUMBER_OBJECT_CONVERSION = YES_AGGRESSIVE;
				CLANG_CXX_LANGUAGE_STANDARD = "gnu++20";
				CLANG_ENABLE_MODULES = YES;
				CLANG_ENABLE_OBJC_ARC = YES;
				CLANG_ENABLE_OBJC_WEAK = YES;
				CLANG_WARN_BLOCK_CAPTURE_AUTORELEASING = YES;
				CLANG_WARN_BOOL_CONVERSION = YES;
				CLANG_WARN_COMMA = YES;
				CLANG_WARN_CONSTANT_CONVERSION = YES;
				CLANG_WARN_DEPRECATED_OBJC_IMPLEMENTATIONS = YES;
				CLANG_WARN_DIRECT_OBJC_ISA_USAGE = YES_ERROR;
				CLANG_WARN_DOCUMENTATION_COMMENTS = YES;
				CLANG_WARN_EMPTY_BODY = YES;
				CLANG_WARN_ENUM_CONVERSION = YES;
				CLANG_WARN_INFINITE_RECURSION = YES;
				CLANG_WARN_INT_CONVERSION = YES;
				CLANG_WARN_NON_LITERAL_NULL_CONVERSION = YES;
				CLANG_WARN_OBJC_IMPLICIT_RETAIN_SELF = YES;
				CLANG_WARN_OBJC_LITERAL_CONVERSION = YES;
				CLANG_WARN_OBJC_ROOT_CLASS = YES_ERROR;
				CLANG_WARN_QUOTED_INCLUDE_IN_FRAMEWORK_HEADER = YES;
				CLANG_WARN_RANGE_LOOP_ANALYSIS = YES;
				CLANG_WARN_STRICT_PROTOTYPES = YES;
				CLANG_WARN_SUSPICIOUS_MOVE = YES;
				CLANG_WARN_UNGUARDED_AVAILABILITY = YES_AGGRESSIVE;
				CLANG_WARN_UNREACHABLE_CODE = YES;
				CLANG_WARN__DUPLICATE_METHOD_MATCH = YES;
				COPY_PHASE_STRIP = NO;
				DEBUG_INFORMATION_FORMAT = dwarf;
				ENABLE_STRICT_OBJC_MSGSEND = YES;
				ENABLE_TESTABILITY = YES;
				ENABLE_USER_SCRIPT_SANDBOXING = YES;
				GCC_C_LANGUAGE_STANDARD = gnu17;
				GCC_DYNAMIC_NO_PIC = NO;
				GCC_NO_COMMON_BLOCKS = YES;
				GCC_OPTIMIZATION_LEVEL = 0;
				GCC_PREPROCESSOR_DEFINITIONS = (
					"DEBUG=1",
					"$(inherited)",
				);
				GCC_WARN_64_TO_32_BIT_CONVERSION = YES;
				GCC_WARN_ABOUT_RETURN_TYPE = YES_ERROR;
				GCC_WARN_UNDECLARED_SELECTOR = YES;
				GCC_WARN_UNINITIALIZED_AUTOS = YES_AGGRESSIVE;
				GCC_WARN_UNUSED_FUNCTION = YES;
				GCC_WARN_UNUSED_VARIABLE = YES;
				IPHONEOS_DEPLOYMENT_TARGET = 18.2;
				LOCALIZATION_PREFERS_STRING_CATALOGS = YES;
				MTL_ENABLE_DEBUG_INFO = INCLUDE_SOURCE;
				MTL_FAST_MATH = YES;
				ONLY_ACTIVE_ARCH = YES;
				SDKROOT = iphoneos;
				SWIFT_ACTIVE_COMPILATION_CONDITIONS = "DEBUG $(inherited)";
				SWIFT_OPTIMIZATION_LEVEL = "-Onone";
			};
			name = Debug;
		};
		6B29221C2D3D858800C892F9 /* Release */ = {
			isa = XCBuildConfiguration;
			buildSettings = {
				ALWAYS_SEARCH_USER_PATHS = NO;
				ASSETCATALOG_COMPILER_GENERATE_SWIFT_ASSET_SYMBOL_EXTENSIONS = YES;
				CLANG_ANALYZER_NONNULL = YES;
				CLANG_ANALYZER_NUMBER_OBJECT_CONVERSION = YES_AGGRESSIVE;
				CLANG_CXX_LANGUAGE_STANDARD = "gnu++20";
				CLANG_ENABLE_MODULES = YES;
				CLANG_ENABLE_OBJC_ARC = YES;
				CLANG_ENABLE_OBJC_WEAK = YES;
				CLANG_WARN_BLOCK_CAPTURE_AUTORELEASING = YES;
				CLANG_WARN_BOOL_CONVERSION = YES;
				CLANG_WARN_COMMA = YES;
				CLANG_WARN_CONSTANT_CONVERSION = YES;
				CLANG_WARN_DEPRECATED_OBJC_IMPLEMENTATIONS = YES;
				CLANG_WARN_DIRECT_OBJC_ISA_USAGE = YES_ERROR;
				CLANG_WARN_DOCUMENTATION_COMMENTS = YES;
				CLANG_WARN_EMPTY_BODY = YES;
				CLANG_WARN_ENUM_CONVERSION = YES;
				CLANG_WARN_INFINITE_RECURSION = YES;
				CLANG_WARN_INT_CONVERSION = YES;
				CLANG_WARN_NON_LITERAL_NULL_CONVERSION = YES;
				CLANG_WARN_OBJC_IMPLICIT_RETAIN_SELF = YES;
				CLANG_WARN_OBJC_LITERAL_CONVERSION = YES;
				CLANG_WARN_OBJC_ROOT_CLASS = YES_ERROR;
				CLANG_WARN_QUOTED_INCLUDE_IN_FRAMEWORK_HEADER = YES;
				CLANG_WARN_RANGE_LOOP_ANALYSIS = YES;
				CLANG_WARN_STRICT_PROTOTYPES = YES;
				CLANG_WARN_SUSPICIOUS_MOVE = YES;
				CLANG_WARN_UNGUARDED_AVAILABILITY = YES_AGGRESSIVE;
				CLANG_WARN_UNREACHABLE_CODE = YES;
				CLANG_WARN__DUPLICATE_METHOD_MATCH = YES;
				COPY_PHASE_STRIP = NO;
				DEBUG_INFORMATION_FORMAT = "dwarf-with-dsym";
				ENABLE_NS_ASSERTIONS = NO;
				ENABLE_STRICT_OBJC_MSGSEND = YES;
				ENABLE_USER_SCRIPT_SANDBOXING = YES;
				GCC_C_LANGUAGE_STANDARD = gnu17;
				GCC_NO_COMMON_BLOCKS = YES;
				GCC_WARN_64_TO_32_BIT_CONVERSION = YES;
				GCC_WARN_ABOUT_RETURN_TYPE = YES_ERROR;
				GCC_WARN_UNDECLARED_SELECTOR = YES;
				GCC_WARN_UNINITIALIZED_AUTOS = YES_AGGRESSIVE;
				GCC_WARN_UNUSED_FUNCTION = YES;
				GCC_WARN_UNUSED_VARIABLE = YES;
				IPHONEOS_DEPLOYMENT_TARGET = 18.2;
				LOCALIZATION_PREFERS_STRING_CATALOGS = YES;
				MTL_ENABLE_DEBUG_INFO = NO;
				MTL_FAST_MATH = YES;
				SDKROOT = iphoneos;
				SWIFT_COMPILATION_MODE = wholemodule;
				VALIDATE_PRODUCT = YES;
			};
			name = Release;
		};
		6B29221E2D3D858800C892F9 /* Debug */ = {
			isa = XCBuildConfiguration;
			buildSettings = {
				BUNDLE_LOADER = "$(TEST_HOST)";
				CODE_SIGN_STYLE = Automatic;
				CURRENT_PROJECT_VERSION = 1;
				DEVELOPMENT_TEAM = J7VHMBU4XR;
				GENERATE_INFOPLIST_FILE = YES;
				IPHONEOS_DEPLOYMENT_TARGET = 18.2;
				MARKETING_VERSION = 1.0;
				PRODUCT_BUNDLE_IDENTIFIER = "Smart-Finance-LLC.SmartFinanceTrackerTests";
				PRODUCT_NAME = "$(TARGET_NAME)";
				SWIFT_EMIT_LOC_STRINGS = NO;
				SWIFT_VERSION = 5.0;
				TARGETED_DEVICE_FAMILY = "1,2";
				TEST_HOST = "$(BUILT_PRODUCTS_DIR)/SmartFinanceTracker.app/$(BUNDLE_EXECUTABLE_FOLDER_PATH)/SmartFinanceTracker";
			};
			name = Debug;
		};
		6B29221F2D3D858800C892F9 /* Release */ = {
			isa = XCBuildConfiguration;
			buildSettings = {
				BUNDLE_LOADER = "$(TEST_HOST)";
				CODE_SIGN_STYLE = Automatic;
				CURRENT_PROJECT_VERSION = 1;
				DEVELOPMENT_TEAM = J7VHMBU4XR;
				GENERATE_INFOPLIST_FILE = YES;
				IPHONEOS_DEPLOYMENT_TARGET = 18.2;
				MARKETING_VERSION = 1.0;
				PRODUCT_BUNDLE_IDENTIFIER = "Smart-Finance-LLC.SmartFinanceTrackerTests";
				PRODUCT_NAME = "$(TARGET_NAME)";
				SWIFT_EMIT_LOC_STRINGS = NO;
				SWIFT_VERSION = 5.0;
				TARGETED_DEVICE_FAMILY = "1,2";
				TEST_HOST = "$(BUILT_PRODUCTS_DIR)/SmartFinanceTracker.app/$(BUNDLE_EXECUTABLE_FOLDER_PATH)/SmartFinanceTracker";
			};
			name = Release;
		};
		6B2922212D3D858800C892F9 /* Debug */ = {
			isa = XCBuildConfiguration;
			buildSettings = {
				CODE_SIGN_STYLE = Automatic;
				CURRENT_PROJECT_VERSION = 1;
				DEVELOPMENT_TEAM = J7VHMBU4XR;
				GENERATE_INFOPLIST_FILE = YES;
				MARKETING_VERSION = 1.0;
				PRODUCT_BUNDLE_IDENTIFIER = "Smart-Finance-LLC.SmartFinanceTrackerUITests";
				PRODUCT_NAME = "$(TARGET_NAME)";
				SWIFT_EMIT_LOC_STRINGS = NO;
				SWIFT_VERSION = 5.0;
				TARGETED_DEVICE_FAMILY = "1,2";
				TEST_TARGET_NAME = SmartFinanceTracker;
			};
			name = Debug;
		};
		6B2922222D3D858800C892F9 /* Release */ = {
			isa = XCBuildConfiguration;
			buildSettings = {
				CODE_SIGN_STYLE = Automatic;
				CURRENT_PROJECT_VERSION = 1;
				DEVELOPMENT_TEAM = J7VHMBU4XR;
				GENERATE_INFOPLIST_FILE = YES;
				MARKETING_VERSION = 1.0;
				PRODUCT_BUNDLE_IDENTIFIER = "Smart-Finance-LLC.SmartFinanceTrackerUITests";
				PRODUCT_NAME = "$(TARGET_NAME)";
				SWIFT_EMIT_LOC_STRINGS = NO;
				SWIFT_VERSION = 5.0;
				TARGETED_DEVICE_FAMILY = "1,2";
				TEST_TARGET_NAME = SmartFinanceTracker;
			};
			name = Release;
		};
/* End XCBuildConfiguration section */

/* Begin XCConfigurationList section */
		6B2921E92D3D858600C892F9 /* Build configuration list for PBXProject "SmartFinanceTracker" */ = {
			isa = XCConfigurationList;
			buildConfigurations = (
				6B29221B2D3D858800C892F9 /* Debug */,
				6B29221C2D3D858800C892F9 /* Release */,
			);
			defaultConfigurationIsVisible = 0;
			defaultConfigurationName = Release;
		};
		6B2922182D3D858800C892F9 /* Build configuration list for PBXNativeTarget "SmartFinanceTracker" */ = {
			isa = XCConfigurationList;
			buildConfigurations = (
				6B2922192D3D858800C892F9 /* Debug */,
				6B29221A2D3D858800C892F9 /* Release */,
			);
			defaultConfigurationIsVisible = 0;
			defaultConfigurationName = Release;
		};
		6B29221D2D3D858800C892F9 /* Build configuration list for PBXNativeTarget "SmartFinanceTrackerTests" */ = {
			isa = XCConfigurationList;
			buildConfigurations = (
				6B29221E2D3D858800C892F9 /* Debug */,
				6B29221F2D3D858800C892F9 /* Release */,
			);
			defaultConfigurationIsVisible = 0;
			defaultConfigurationName = Release;
		};
		6B2922202D3D858800C892F9 /* Build configuration list for PBXNativeTarget "SmartFinanceTrackerUITests" */ = {
			isa = XCConfigurationList;
			buildConfigurations = (
				6B2922212D3D858800C892F9 /* Debug */,
				6B2922222D3D858800C892F9 /* Release */,
			);
			defaultConfigurationIsVisible = 0;
			defaultConfigurationName = Release;
		};
/* End XCConfigurationList section */
	};
	rootObject = 6B2921E62D3D858600C892F9 /* Project object */;
}
